// !$*UTF8*$!
{
	archiveVersion = 1;
	classes = {
	};
	objectVersion = 46;
	objects = {

/* Begin PBXBuildFile section */
		0C1364B91667B49700147047 /* main.cpp in Sources */ = {isa = PBXBuildFile; fileRef = 0C1364B81667B49700147047 /* main.cpp */; };
		0C1364BB1667B49700147047 /* Hospital.1 in CopyFiles */ = {isa = PBXBuildFile; fileRef = 0C1364BA1667B49700147047 /* Hospital.1 */; };
		0C1364E11667C0EC00147047 /* Room.cpp in Sources */ = {isa = PBXBuildFile; fileRef = 0C1364E01667C0EC00147047 /* Room.cpp */; };
		0C1364E31667C0FE00147047 /* Hospital.cpp in Sources */ = {isa = PBXBuildFile; fileRef = 0C1364E21667C0FE00147047 /* Hospital.cpp */; };
		0C1364E51667C10700147047 /* Doctor.cpp in Sources */ = {isa = PBXBuildFile; fileRef = 0C1364E41667C10700147047 /* Doctor.cpp */; };
		0C1364E71667C11400147047 /* Patient.cpp in Sources */ = {isa = PBXBuildFile; fileRef = 0C1364E61667C11400147047 /* Patient.cpp */; };
/* End PBXBuildFile section */

/* Begin PBXCopyFilesBuildPhase section */
		0C1364B21667B49700147047 /* CopyFiles */ = {
			isa = PBXCopyFilesBuildPhase;
			buildActionMask = 2147483647;
			dstPath = /usr/share/man/man1/;
			dstSubfolderSpec = 0;
			files = (
				0C1364BB1667B49700147047 /* Hospital.1 in CopyFiles */,
			);
			runOnlyForDeploymentPostprocessing = 1;
		};
/* End PBXCopyFilesBuildPhase section */

/* Begin PBXFileReference section */
		0C1364B41667B49700147047 /* Hospital */ = {isa = PBXFileReference; explicitFileType = "compiled.mach-o.executable"; includeInIndex = 0; path = Hospital; sourceTree = BUILT_PRODUCTS_DIR; };
		0C1364B81667B49700147047 /* main.cpp */ = {isa = PBXFileReference; lastKnownFileType = sourcecode.cpp.cpp; path = main.cpp; sourceTree = "<group>"; };
		0C1364BA1667B49700147047 /* Hospital.1 */ = {isa = PBXFileReference; lastKnownFileType = text.man; path = Hospital.1; sourceTree = "<group>"; };
		0C1364E01667C0EC00147047 /* Room.cpp */ = {isa = PBXFileReference; fileEncoding = 4; lastKnownFileType = sourcecode.cpp.cpp; path = Room.cpp; sourceTree = "<group>"; };
		0C1364E21667C0FE00147047 /* Hospital.cpp */ = {isa = PBXFileReference; fileEncoding = 4; lastKnownFileType = sourcecode.cpp.cpp; path = Hospital.cpp; sourceTree = "<group>"; };
		0C1364E41667C10700147047 /* Doctor.cpp */ = {isa = PBXFileReference; fileEncoding = 4; lastKnownFileType = sourcecode.cpp.cpp; path = Doctor.cpp; sourceTree = "<group>"; };
		0C1364E61667C11400147047 /* Patient.cpp */ = {isa = PBXFileReference; fileEncoding = 4; lastKnownFileType = sourcecode.cpp.cpp; path = Patient.cpp; sourceTree = "<group>"; };
		0C1364EC1667C67400147047 /* Patient.h */ = {isa = PBXFileReference; fileEncoding = 4; lastKnownFileType = sourcecode.c.h; path = Patient.h; sourceTree = "<group>"; };
		0C1364ED1667C8DC00147047 /* Doctor.h */ = {isa = PBXFileReference; fileEncoding = 4; lastKnownFileType = sourcecode.c.h; path = Doctor.h; sourceTree = "<group>"; };
		0C1364EE1667CB2000147047 /* Room.h */ = {isa = PBXFileReference; fileEncoding = 4; lastKnownFileType = sourcecode.c.h; path = Room.h; sourceTree = "<group>"; };
		0C77A28F1667E7A60081BCCE /* Hospital.h */ = {isa = PBXFileReference; fileEncoding = 4; lastKnownFileType = sourcecode.c.h; path = Hospital.h; sourceTree = "<group>"; };
		0CADF1D716691B0C00261DF1 /* LinkedList.h */ = {isa = PBXFileReference; fileEncoding = 4; lastKnownFileType = sourcecode.c.h; path = LinkedList.h; sourceTree = "<group>"; };
		0CBEC8B7167645F300BEFAB2 /* RoomArray.h */ = {isa = PBXFileReference; fileEncoding = 4; lastKnownFileType = sourcecode.c.h; path = RoomArray.h; sourceTree = "<group>"; };
/* End PBXFileReference section */

/* Begin PBXFrameworksBuildPhase section */
		0C1364B11667B49700147047 /* Frameworks */ = {
			isa = PBXFrameworksBuildPhase;
			buildActionMask = 2147483647;
			files = (
			);
			runOnlyForDeploymentPostprocessing = 0;
		};
/* End PBXFrameworksBuildPhase section */

/* Begin PBXGroup section */
		0C1364A91667B49700147047 = {
			isa = PBXGroup;
			children = (
				0C1364B71667B49700147047 /* Hospital */,
				0C1364B51667B49700147047 /* Products */,
			);
			sourceTree = "<group>";
		};
		0C1364B51667B49700147047 /* Products */ = {
			isa = PBXGroup;
			children = (
				0C1364B41667B49700147047 /* Hospital */,
			);
			name = Products;
			sourceTree = "<group>";
		};
		0C1364B71667B49700147047 /* Hospital */ = {
			isa = PBXGroup;
			children = (
				0C1364B81667B49700147047 /* main.cpp */,
				0CBEC8B7167645F300BEFAB2 /* RoomArray.h */,
				0C1364E01667C0EC00147047 /* Room.cpp */,
				0C1364EE1667CB2000147047 /* Room.h */,
				0C1364E21667C0FE00147047 /* Hospital.cpp */,
				0C77A28F1667E7A60081BCCE /* Hospital.h */,
				0CADF1D716691B0C00261DF1 /* LinkedList.h */,
				0C1364E41667C10700147047 /* Doctor.cpp */,
				0C1364ED1667C8DC00147047 /* Doctor.h */,
				0C1364E61667C11400147047 /* Patient.cpp */,
				0C1364EC1667C67400147047 /* Patient.h */,
				0C1364BA1667B49700147047 /* Hospital.1 */,
			);
			path = Hospital;
			sourceTree = "<group>";
		};
/* End PBXGroup section */

/* Begin PBXNativeTarget section */
		0C1364B31667B49700147047 /* Hospital */ = {
			isa = PBXNativeTarget;
			buildConfigurationList = 0C1364BE1667B49700147047 /* Build configuration list for PBXNativeTarget "Hospital" */;
			buildPhases = (
				0C1364B01667B49700147047 /* Sources */,
				0C1364B11667B49700147047 /* Frameworks */,
				0C1364B21667B49700147047 /* CopyFiles */,
			);
			buildRules = (
			);
			dependencies = (
			);
			name = Hospital;
			productName = Hospital;
			productReference = 0C1364B41667B49700147047 /* Hospital */;
			productType = "com.apple.product-type.tool";
		};
/* End PBXNativeTarget section */

/* Begin PBXProject section */
		0C1364AB1667B49700147047 /* Project object */ = {
			isa = PBXProject;
			attributes = {
				LastUpgradeCheck = 0420;
				ORGANIZATIONNAME = "Cornell University ";
			};
			buildConfigurationList = 0C1364AE1667B49700147047 /* Build configuration list for PBXProject "Hospital" */;
			compatibilityVersion = "Xcode 3.2";
			developmentRegion = English;
			hasScannedForEncodings = 0;
			knownRegions = (
				en,
			);
			mainGroup = 0C1364A91667B49700147047;
			productRefGroup = 0C1364B51667B49700147047 /* Products */;
			projectDirPath = "";
			projectRoot = "";
			targets = (
				0C1364B31667B49700147047 /* Hospital */,
			);
		};
/* End PBXProject section */

/* Begin PBXSourcesBuildPhase section */
		0C1364B01667B49700147047 /* Sources */ = {
			isa = PBXSourcesBuildPhase;
			buildActionMask = 2147483647;
			files = (
				0C1364B91667B49700147047 /* main.cpp in Sources */,
				0C1364E11667C0EC00147047 /* Room.cpp in Sources */,
				0C1364E31667C0FE00147047 /* Hospital.cpp in Sources */,
				0C1364E51667C10700147047 /* Doctor.cpp in Sources */,
				0C1364E71667C11400147047 /* Patient.cpp in Sources */,
			);
			runOnlyForDeploymentPostprocessing = 0;
		};
/* End PBXSourcesBuildPhase section */

/* Begin XCBuildConfiguration section */
		0C1364BC1667B49700147047 /* Debug */ = {
			isa = XCBuildConfiguration;
			buildSettings = {
				ALWAYS_SEARCH_USER_PATHS = NO;
				ARCHS = "$(ARCHS_STANDARD_64_BIT)";
				CLANG_ENABLE_OBJC_ARC = YES;
				COPY_PHASE_STRIP = NO;
				GCC_C_LANGUAGE_STANDARD = gnu99;
				GCC_DYNAMIC_NO_PIC = NO;
				GCC_ENABLE_OBJC_EXCEPTIONS = YES;
				GCC_OPTIMIZATION_LEVEL = 0;
				GCC_PREPROCESSOR_DEFINITIONS = (
					"DEBUG=1",
					"$(inherited)",
				);
				GCC_SYMBOLS_PRIVATE_EXTERN = NO;
				GCC_VERSION = com.apple.compilers.llvm.clang.1_0;
				GCC_WARN_64_TO_32_BIT_CONVERSION = YES;
				GCC_WARN_ABOUT_MISSING_PROTOTYPES = YES;
				GCC_WARN_ABOUT_RETURN_TYPE = YES;
				GCC_WARN_UNUSED_VARIABLE = YES;
				MACOSX_DEPLOYMENT_TARGET = 10.7;
				ONLY_ACTIVE_ARCH = YES;
				SDKROOT = macosx;
			};
			name = Debug;
		};
		0C1364BD1667B49700147047 /* Release */ = {
			isa = XCBuildConfiguration;
			buildSettings = {
				ALWAYS_SEARCH_USER_PATHS = NO;
				ARCHS = "$(ARCHS_STANDARD_64_BIT)";
				CLANG_ENABLE_OBJC_ARC = YES;
				COPY_PHASE_STRIP = YES;
				DEBUG_INFORMATION_FORMAT = "dwarf-with-dsym";
				GCC_C_LANGUAGE_STANDARD = gnu99;
				GCC_ENABLE_OBJC_EXCEPTIONS = YES;
				GCC_VERSION = com.apple.compilers.llvm.clang.1_0;
				GCC_WARN_64_TO_32_BIT_CONVERSION = YES;
				GCC_WARN_ABOUT_MISSING_PROTOTYPES = YES;
				GCC_WARN_ABOUT_RETURN_TYPE = YES;
				GCC_WARN_UNUSED_VARIABLE = YES;
				MACOSX_DEPLOYMENT_TARGET = 10.7;
				SDKROOT = macosx;
			};
			name = Release;
		};
		0C1364BF1667B49700147047 /* Debug */ = {
			isa = XCBuildConfiguration;
			buildSettings = {
				PRODUCT_NAME = "$(TARGET_NAME)";
			};
			name = Debug;
		};
		0C1364C01667B49700147047 /* Release */ = {
			isa = XCBuildConfiguration;
			buildSettings = {
				PRODUCT_NAME = "$(TARGET_NAME)";
			};
			name = Release;
		};
/* End XCBuildConfiguration section */

/* Begin XCConfigurationList section */
		0C1364AE1667B49700147047 /* Build configuration list for PBXProject "Hospital" */ = {
			isa = XCConfigurationList;
			buildConfigurations = (
				0C1364BC1667B49700147047 /* Debug */,
				0C1364BD1667B49700147047 /* Release */,
			);
			defaultConfigurationIsVisible = 0;
			defaultConfigurationName = Release;
		};
		0C1364BE1667B49700147047 /* Build configuration list for PBXNativeTarget "Hospital" */ = {
			isa = XCConfigurationList;
			buildConfigurations = (
				0C1364BF1667B49700147047 /* Debug */,
				0C1364C01667B49700147047 /* Release */,
			);
			defaultConfigurationIsVisible = 0;
			defaultConfigurationName = Release;
		};
/* End XCConfigurationList section */
	};
	rootObject = 0C1364AB1667B49700147047 /* Project object */;
}
